version: 6
environments:
  default:
    channels:
    - url: https://conda.anaconda.org/conda-forge/
    indexes:
    - https://pypi.org/simple
    options:
      pypi-prerelease-mode: if-necessary-or-explicit
    packages:
      win-64:
      - conda: https://conda.anaconda.org/conda-forge/win-64/bzip2-1.0.8-h0ad9c76_8.conda
      - conda: https://conda.anaconda.org/conda-forge/noarch/ca-certificates-2025.11.12-h4c7d964_0.conda
      - conda: https://conda.anaconda.org/conda-forge/win-64/libexpat-2.7.3-hac47afa_0.conda
      - conda: https://conda.anaconda.org/conda-forge/win-64/libffi-3.5.2-h52bdfb6_0.conda
      - conda: https://conda.anaconda.org/conda-forge/win-64/liblzma-5.8.1-h2466b09_2.conda
      - conda: https://conda.anaconda.org/conda-forge/win-64/libmpdec-4.0.0-h2466b09_0.conda
      - conda: https://conda.anaconda.org/conda-forge/win-64/libsqlite-3.51.1-hf5d6505_0.conda
      - conda: https://conda.anaconda.org/conda-forge/win-64/libzlib-1.3.1-h2466b09_2.conda
      - conda: https://conda.anaconda.org/conda-forge/win-64/openssl-3.6.0-h725018a_0.conda
      - conda: https://conda.anaconda.org/conda-forge/win-64/python-3.14.1-h4b44e0e_100_cp314.conda
      - conda: https://conda.anaconda.org/conda-forge/noarch/python_abi-3.14-8_cp314.conda
      - conda: https://conda.anaconda.org/conda-forge/win-64/tk-8.6.13-h2c6b04d_3.conda
      - conda: https://conda.anaconda.org/conda-forge/noarch/tzdata-2025b-h78e105d_0.conda
      - conda: https://conda.anaconda.org/conda-forge/win-64/ucrt-10.0.26100.0-h57928b3_0.conda
      - conda: https://conda.anaconda.org/conda-forge/win-64/vc-14.3-h2b53caa_32.conda
      - conda: https://conda.anaconda.org/conda-forge/win-64/vc14_runtime-14.44.35208-h818238b_32.conda
      - conda: https://conda.anaconda.org/conda-forge/win-64/vcomp14-14.44.35208-h818238b_32.conda
      - conda: https://conda.anaconda.org/conda-forge/win-64/zstd-1.5.7-h534d264_6.conda
      - pypi: https://files.pythonhosted.org/packages/70/7d/9bc192684cea499815ff478dfcdc13835ddf401365057044fb721ec6bddb/certifi-2025.11.12-py3-none-any.whl
      - pypi: https://files.pythonhosted.org/packages/4b/51/8ade005e5ca5b0d80fb4aff72a3775b325bdc3d27408c8113811a7cbe640/charset_normalizer-3.4.4-cp314-cp314-win_amd64.whl
      - pypi: https://files.pythonhosted.org/packages/0e/61/66938bbb5fc52dbdf84594873d5b51fb1f7c7794e9c0f5bd885f30bc507b/idna-3.11-py3-none-any.whl
      - pypi: https://files.pythonhosted.org/packages/a3/2e/235b4d96619931192c91660805e5e49242389742a7a82c27665021db690c/numpy-2.3.5-cp314-cp314-win_amd64.whl
      - pypi: https://files.pythonhosted.org/packages/2b/24/b350c31543fb0107ab2599464d7e28e6f856027aadda995022e695313d94/pillow-12.0.0-cp314-cp314-win_amd64.whl
      - pypi: https://files.pythonhosted.org/packages/26/41/3f48d724ecc8e42cea8a8442aa9b5a86d394b85093275990038fd1020039/pyside6-6.10.1-cp39-abi3-win_amd64.whl
      - pypi: https://files.pythonhosted.org/packages/04/14/58239776499e6b279fa6ca2e0d47209531454b99f6bd2ad7c96f11109416/pyside6_addons-6.10.1-cp39-abi3-win_amd64.whl
      - pypi: https://files.pythonhosted.org/packages/1e/64/a8df6333de8ccbf3a320e1346ca30d0f314840aff5e3db9b4b66bf38e26c/pyside6_essentials-6.10.1-cp39-abi3-win_amd64.whl
      - pypi: https://files.pythonhosted.org/packages/1e/db/4254e3eabe8020b458f1a747140d32277ec7a271daf1d235b70dc0b4e6e3/requests-2.32.5-py3-none-any.whl
      - pypi: https://files.pythonhosted.org/packages/cf/a6/8c65ee0fa5e172ebcca03246b1bc3bd96cdaf1d60537316648536b7072a5/shiboken6-6.10.1-cp39-abi3-win_amd64.whl
      - pypi: https://files.pythonhosted.org/packages/56/1a/9ffe814d317c5224166b23e7c47f606d6e473712a2fad0f704ea9b99f246/urllib3-2.6.0-py3-none-any.whl
  lint:
    channels:
    - url: https://conda.anaconda.org/conda-forge/
    indexes:
    - https://pypi.org/simple
    options:
      pypi-prerelease-mode: if-necessary-or-explicit
    packages:
      win-64:
      - conda: https://conda.anaconda.org/conda-forge/win-64/bzip2-1.0.8-h0ad9c76_8.conda
      - conda: https://conda.anaconda.org/conda-forge/noarch/ca-certificates-2025.11.12-h4c7d964_0.conda
      - conda: https://conda.anaconda.org/conda-forge/win-64/libexpat-2.7.3-hac47afa_0.conda
      - conda: https://conda.anaconda.org/conda-forge/win-64/libffi-3.5.2-h52bdfb6_0.conda
      - conda: https://conda.anaconda.org/conda-forge/win-64/liblzma-5.8.1-h2466b09_2.conda
      - conda: https://conda.anaconda.org/conda-forge/win-64/libmpdec-4.0.0-h2466b09_0.conda
      - conda: https://conda.anaconda.org/conda-forge/win-64/libsqlite-3.51.1-hf5d6505_0.conda
      - conda: https://conda.anaconda.org/conda-forge/win-64/libzlib-1.3.1-h2466b09_2.conda
      - conda: https://conda.anaconda.org/conda-forge/win-64/openssl-3.6.0-h725018a_0.conda
      - conda: https://conda.anaconda.org/conda-forge/win-64/python-3.14.1-h4b44e0e_100_cp314.conda
      - conda: https://conda.anaconda.org/conda-forge/noarch/python_abi-3.14-8_cp314.conda
      - conda: https://conda.anaconda.org/conda-forge/win-64/ruff-0.14.8-h15e3a1f_0.conda
      - conda: https://conda.anaconda.org/conda-forge/win-64/tk-8.6.13-h2c6b04d_3.conda
      - conda: https://conda.anaconda.org/conda-forge/noarch/tzdata-2025b-h78e105d_0.conda
      - conda: https://conda.anaconda.org/conda-forge/win-64/ucrt-10.0.26100.0-h57928b3_0.conda
      - conda: https://conda.anaconda.org/conda-forge/win-64/vc-14.3-h2b53caa_32.conda
      - conda: https://conda.anaconda.org/conda-forge/win-64/vc14_runtime-14.44.35208-h818238b_32.conda
      - conda: https://conda.anaconda.org/conda-forge/win-64/vcomp14-14.44.35208-h818238b_32.conda
      - conda: https://conda.anaconda.org/conda-forge/win-64/zstd-1.5.7-h534d264_6.conda
      - pypi: https://files.pythonhosted.org/packages/70/7d/9bc192684cea499815ff478dfcdc13835ddf401365057044fb721ec6bddb/certifi-2025.11.12-py3-none-any.whl
      - pypi: https://files.pythonhosted.org/packages/4b/51/8ade005e5ca5b0d80fb4aff72a3775b325bdc3d27408c8113811a7cbe640/charset_normalizer-3.4.4-cp314-cp314-win_amd64.whl
      - pypi: https://files.pythonhosted.org/packages/0e/61/66938bbb5fc52dbdf84594873d5b51fb1f7c7794e9c0f5bd885f30bc507b/idna-3.11-py3-none-any.whl
      - pypi: https://files.pythonhosted.org/packages/a3/2e/235b4d96619931192c91660805e5e49242389742a7a82c27665021db690c/numpy-2.3.5-cp314-cp314-win_amd64.whl
      - pypi: https://files.pythonhosted.org/packages/2b/24/b350c31543fb0107ab2599464d7e28e6f856027aadda995022e695313d94/pillow-12.0.0-cp314-cp314-win_amd64.whl
      - pypi: https://files.pythonhosted.org/packages/26/41/3f48d724ecc8e42cea8a8442aa9b5a86d394b85093275990038fd1020039/pyside6-6.10.1-cp39-abi3-win_amd64.whl
      - pypi: https://files.pythonhosted.org/packages/04/14/58239776499e6b279fa6ca2e0d47209531454b99f6bd2ad7c96f11109416/pyside6_addons-6.10.1-cp39-abi3-win_amd64.whl
      - pypi: https://files.pythonhosted.org/packages/1e/64/a8df6333de8ccbf3a320e1346ca30d0f314840aff5e3db9b4b66bf38e26c/pyside6_essentials-6.10.1-cp39-abi3-win_amd64.whl
      - pypi: https://files.pythonhosted.org/packages/1e/db/4254e3eabe8020b458f1a747140d32277ec7a271daf1d235b70dc0b4e6e3/requests-2.32.5-py3-none-any.whl
      - pypi: https://files.pythonhosted.org/packages/cf/a6/8c65ee0fa5e172ebcca03246b1bc3bd96cdaf1d60537316648536b7072a5/shiboken6-6.10.1-cp39-abi3-win_amd64.whl
      - pypi: https://files.pythonhosted.org/packages/56/1a/9ffe814d317c5224166b23e7c47f606d6e473712a2fad0f704ea9b99f246/urllib3-2.6.0-py3-none-any.whl
  test:
    channels:
    - url: https://conda.anaconda.org/conda-forge/
    indexes:
    - https://pypi.org/simple
    options:
      pypi-prerelease-mode: if-necessary-or-explicit
    packages:
      win-64:
      - conda: https://conda.anaconda.org/conda-forge/win-64/bzip2-1.0.8-h0ad9c76_8.conda
      - conda: https://conda.anaconda.org/conda-forge/noarch/ca-certificates-2025.11.12-h4c7d964_0.conda
      - conda: https://conda.anaconda.org/conda-forge/win-64/libexpat-2.7.3-hac47afa_0.conda
      - conda: https://conda.anaconda.org/conda-forge/win-64/libffi-3.5.2-h52bdfb6_0.conda
      - conda: https://conda.anaconda.org/conda-forge/win-64/liblzma-5.8.1-h2466b09_2.conda
      - conda: https://conda.anaconda.org/conda-forge/win-64/libmpdec-4.0.0-h2466b09_0.conda
      - conda: https://conda.anaconda.org/conda-forge/win-64/libsqlite-3.51.1-hf5d6505_0.conda
      - conda: https://conda.anaconda.org/conda-forge/win-64/libzlib-1.3.1-h2466b09_2.conda
      - conda: https://conda.anaconda.org/conda-forge/win-64/openssl-3.6.0-h725018a_0.conda
      - conda: https://conda.anaconda.org/conda-forge/win-64/python-3.14.1-h4b44e0e_100_cp314.conda
      - conda: https://conda.anaconda.org/conda-forge/noarch/python_abi-3.14-8_cp314.conda
      - conda: https://conda.anaconda.org/conda-forge/win-64/tk-8.6.13-h2c6b04d_3.conda
      - conda: https://conda.anaconda.org/conda-forge/noarch/tzdata-2025b-h78e105d_0.conda
      - conda: https://conda.anaconda.org/conda-forge/win-64/ucrt-10.0.26100.0-h57928b3_0.conda
      - conda: https://conda.anaconda.org/conda-forge/win-64/vc-14.3-h2b53caa_32.conda
      - conda: https://conda.anaconda.org/conda-forge/win-64/vc14_runtime-14.44.35208-h818238b_32.conda
      - conda: https://conda.anaconda.org/conda-forge/win-64/vcomp14-14.44.35208-h818238b_32.conda
      - conda: https://conda.anaconda.org/conda-forge/win-64/zstd-1.5.7-h534d264_6.conda
      - pypi: https://files.pythonhosted.org/packages/70/7d/9bc192684cea499815ff478dfcdc13835ddf401365057044fb721ec6bddb/certifi-2025.11.12-py3-none-any.whl
      - pypi: https://files.pythonhosted.org/packages/db/3c/33bac158f8ab7f89b2e59426d5fe2e4f63f7ed25df84c036890172b412b5/cfgv-3.5.0-py2.py3-none-any.whl
      - pypi: https://files.pythonhosted.org/packages/4b/51/8ade005e5ca5b0d80fb4aff72a3775b325bdc3d27408c8113811a7cbe640/charset_normalizer-3.4.4-cp314-cp314-win_amd64.whl
      - pypi: https://files.pythonhosted.org/packages/d1/d6/3965ed04c63042e047cb6a3e6ed1a63a35087b6a609aa3a15ed8ac56c221/colorama-0.4.6-py2.py3-none-any.whl
      - pypi: https://files.pythonhosted.org/packages/33/6b/e0547afaf41bf2c42e52430072fa5658766e3d65bd4b03a563d1b6336f57/distlib-0.4.0-py2.py3-none-any.whl
      - pypi: https://files.pythonhosted.org/packages/76/91/7216b27286936c16f5b4d0c530087e4a54eead683e6b0b73dd0c64844af6/filelock-3.20.0-py3-none-any.whl
      - pypi: https://files.pythonhosted.org/packages/0f/1c/e5fd8f973d4f375adb21565739498e2e9a1e54c858a97b9a8ccfdc81da9b/identify-2.6.15-py2.py3-none-any.whl
      - pypi: https://files.pythonhosted.org/packages/0e/61/66938bbb5fc52dbdf84594873d5b51fb1f7c7794e9c0f5bd885f30bc507b/idna-3.11-py3-none-any.whl
      - pypi: https://files.pythonhosted.org/packages/cb/b1/3846dd7f199d53cb17f49cba7e651e9ce294d8497c8c150530ed11865bb8/iniconfig-2.3.0-py3-none-any.whl
      - pypi: https://files.pythonhosted.org/packages/d2/1d/1b658dbd2b9fa9c4c9f32accbfc0205d532c8c6194dc0f2a4c0428e7128a/nodeenv-1.9.1-py2.py3-none-any.whl
      - pypi: https://files.pythonhosted.org/packages/a3/2e/235b4d96619931192c91660805e5e49242389742a7a82c27665021db690c/numpy-2.3.5-cp314-cp314-win_amd64.whl
      - pypi: https://files.pythonhosted.org/packages/20/12/38679034af332785aac8774540895e234f4d07f7545804097de4b666afd8/packaging-25.0-py3-none-any.whl
      - pypi: https://files.pythonhosted.org/packages/2b/24/b350c31543fb0107ab2599464d7e28e6f856027aadda995022e695313d94/pillow-12.0.0-cp314-cp314-win_amd64.whl
      - pypi: https://files.pythonhosted.org/packages/cb/28/3bfe2fa5a7b9c46fe7e13c97bda14c895fb10fa2ebf1d0abb90e0cea7ee1/platformdirs-4.5.1-py3-none-any.whl
      - pypi: https://files.pythonhosted.org/packages/54/20/4d324d65cc6d9205fabedc306948156824eb9f0ee1633355a8f7ec5c66bf/pluggy-1.6.0-py3-none-any.whl
      - pypi: https://files.pythonhosted.org/packages/5d/c4/b2d28e9d2edf4f1713eb3c29307f1a63f3d67cf09bdda29715a36a68921a/pre_commit-4.5.0-py2.py3-none-any.whl
      - pypi: https://files.pythonhosted.org/packages/87/9f/ec8491f6b3022489a4d36ce372214c10a34f90b425aa61ff2e0a8dc5b9d5/pre_commit_uv-4.2.0-py3-none-any.whl
      - pypi: https://files.pythonhosted.org/packages/c7/21/705964c7812476f378728bdf590ca4b771ec72385c533964653c68e86bdc/pygments-2.19.2-py3-none-any.whl
      - pypi: https://files.pythonhosted.org/packages/26/41/3f48d724ecc8e42cea8a8442aa9b5a86d394b85093275990038fd1020039/pyside6-6.10.1-cp39-abi3-win_amd64.whl
      - pypi: https://files.pythonhosted.org/packages/04/14/58239776499e6b279fa6ca2e0d47209531454b99f6bd2ad7c96f11109416/pyside6_addons-6.10.1-cp39-abi3-win_amd64.whl
      - pypi: https://files.pythonhosted.org/packages/1e/64/a8df6333de8ccbf3a320e1346ca30d0f314840aff5e3db9b4b66bf38e26c/pyside6_essentials-6.10.1-cp39-abi3-win_amd64.whl
      - pypi: https://files.pythonhosted.org/packages/0b/8b/6300fb80f858cda1c51ffa17075df5d846757081d11ab4aa35cef9e6258b/pytest-9.0.1-py3-none-any.whl
      - pypi: https://files.pythonhosted.org/packages/23/20/bb6982b26a40bb43951265ba29d4c246ef0ff59c9fdcdf0ed04e0687de4d/pyyaml-6.0.3-cp314-cp314-win_amd64.whl
      - pypi: https://files.pythonhosted.org/packages/1e/db/4254e3eabe8020b458f1a747140d32277ec7a271daf1d235b70dc0b4e6e3/requests-2.32.5-py3-none-any.whl
      - pypi: https://files.pythonhosted.org/packages/cf/a6/8c65ee0fa5e172ebcca03246b1bc3bd96cdaf1d60537316648536b7072a5/shiboken6-6.10.1-cp39-abi3-win_amd64.whl
      - pypi: https://files.pythonhosted.org/packages/56/1a/9ffe814d317c5224166b23e7c47f606d6e473712a2fad0f704ea9b99f246/urllib3-2.6.0-py3-none-any.whl
      - pypi: https://files.pythonhosted.org/packages/bc/37/e15a46f880b2c230f7d6934f046825ebe547f90008984c861e84e2ef34c4/uv-0.9.15-py3-none-win_amd64.whl
      - pypi: https://files.pythonhosted.org/packages/79/0c/c05523fa3181fdf0c9c52a6ba91a23fbf3246cc095f26f6516f9c60e6771/virtualenv-20.35.4-py3-none-any.whl
packages:
- conda: https://conda.anaconda.org/conda-forge/win-64/bzip2-1.0.8-h0ad9c76_8.conda
  sha256: d882712855624641f48aa9dc3f5feea2ed6b4e6004585d3616386a18186fe692
  md5: 1077e9333c41ff0be8edd1a5ec0ddace
  depends:
  - ucrt >=10.0.20348.0
  - vc >=14.3,<15
  - vc14_runtime >=14.44.35208
  license: bzip2-1.0.6
  license_family: BSD
  purls: []
  size: 55977
  timestamp: 1757437738856
- conda: https://conda.anaconda.org/conda-forge/noarch/ca-certificates-2025.11.12-h4c7d964_0.conda
  sha256: 686a13bd2d4024fc99a22c1e0e68a7356af3ed3304a8d3ff6bb56249ad4e82f0
  md5: f98fb7db808b94bc1ec5b0e62f9f1069
  depends:
  - __win
  license: ISC
  purls: []
  size: 152827
  timestamp: 1762967310929
- pypi: https://files.pythonhosted.org/packages/70/7d/9bc192684cea499815ff478dfcdc13835ddf401365057044fb721ec6bddb/certifi-2025.11.12-py3-none-any.whl
  name: certifi
  version: 2025.11.12
  sha256: 97de8790030bbd5c2d96b7ec782fc2f7820ef8dba6db909ccf95449f2d062d4b
  requires_python: '>=3.7'
- pypi: https://files.pythonhosted.org/packages/db/3c/33bac158f8ab7f89b2e59426d5fe2e4f63f7ed25df84c036890172b412b5/cfgv-3.5.0-py2.py3-none-any.whl
  name: cfgv
  version: 3.5.0
  sha256: a8dc6b26ad22ff227d2634a65cb388215ce6cc96bbcc5cfde7641ae87e8dacc0
  requires_python: '>=3.10'
- pypi: https://files.pythonhosted.org/packages/4b/51/8ade005e5ca5b0d80fb4aff72a3775b325bdc3d27408c8113811a7cbe640/charset_normalizer-3.4.4-cp314-cp314-win_amd64.whl
  name: charset-normalizer
  version: 3.4.4
  sha256: 8a6562c3700cce886c5be75ade4a5db4214fda19fede41d9792d100288d8f94c
  requires_python: '>=3.7'
- pypi: https://files.pythonhosted.org/packages/d1/d6/3965ed04c63042e047cb6a3e6ed1a63a35087b6a609aa3a15ed8ac56c221/colorama-0.4.6-py2.py3-none-any.whl
  name: colorama
  version: 0.4.6
  sha256: 4f1d9991f5acc0ca119f9d443620b77f9d6b33703e51011c16baf57afb285fc6
  requires_python: '>=2.7,!=3.0.*,!=3.1.*,!=3.2.*,!=3.3.*,!=3.4.*,!=3.5.*,!=3.6.*'
- pypi: https://files.pythonhosted.org/packages/33/6b/e0547afaf41bf2c42e52430072fa5658766e3d65bd4b03a563d1b6336f57/distlib-0.4.0-py2.py3-none-any.whl
  name: distlib
  version: 0.4.0
  sha256: 9659f7d87e46584a30b5780e43ac7a2143098441670ff0a49d5f9034c54a6c16
- pypi: https://files.pythonhosted.org/packages/76/91/7216b27286936c16f5b4d0c530087e4a54eead683e6b0b73dd0c64844af6/filelock-3.20.0-py3-none-any.whl
  name: filelock
  version: 3.20.0
  sha256: 339b4732ffda5cd79b13f4e2711a31b0365ce445d95d243bb996273d072546a2
  requires_python: '>=3.10'
- pypi: https://files.pythonhosted.org/packages/0f/1c/e5fd8f973d4f375adb21565739498e2e9a1e54c858a97b9a8ccfdc81da9b/identify-2.6.15-py2.py3-none-any.whl
  name: identify
  version: 2.6.15
  sha256: 1181ef7608e00704db228516541eb83a88a9f94433a8c80bb9b5bd54b1d81757
  requires_dist:
  - ukkonen ; extra == 'license'
  requires_python: '>=3.9'
- pypi: https://files.pythonhosted.org/packages/0e/61/66938bbb5fc52dbdf84594873d5b51fb1f7c7794e9c0f5bd885f30bc507b/idna-3.11-py3-none-any.whl
  name: idna
  version: '3.11'
  sha256: 771a87f49d9defaf64091e6e6fe9c18d4833f140bd19464795bc32d966ca37ea
  requires_dist:
  - ruff>=0.6.2 ; extra == 'all'
  - mypy>=1.11.2 ; extra == 'all'
  - pytest>=8.3.2 ; extra == 'all'
  - flake8>=7.1.1 ; extra == 'all'
  requires_python: '>=3.8'
- pypi: https://files.pythonhosted.org/packages/cb/b1/3846dd7f199d53cb17f49cba7e651e9ce294d8497c8c150530ed11865bb8/iniconfig-2.3.0-py3-none-any.whl
  name: iniconfig
  version: 2.3.0
  sha256: f631c04d2c48c52b84d0d0549c99ff3859c98df65b3101406327ecc7d53fbf12
  requires_python: '>=3.10'
- conda: https://conda.anaconda.org/conda-forge/win-64/libexpat-2.7.3-hac47afa_0.conda
  sha256: 844ab708594bdfbd7b35e1a67c379861bcd180d6efe57b654f482ae2f7f5c21e
  md5: 8c9e4f1a0e688eef2e95711178061a0f
  depends:
  - ucrt >=10.0.20348.0
  - vc >=14.3,<15
  - vc14_runtime >=14.44.35208
  constrains:
  - expat 2.7.3.*
  license: MIT
  license_family: MIT
  purls: []
  size: 70137
  timestamp: 1763550049107
- conda: https://conda.anaconda.org/conda-forge/win-64/libffi-3.5.2-h52bdfb6_0.conda
  sha256: ddff25aaa4f0aa535413f5d831b04073789522890a4d8626366e43ecde1534a3
  md5: ba4ad812d2afc22b9a34ce8327a0930f
  depends:
  - ucrt >=10.0.20348.0
  - vc >=14.3,<15
  - vc14_runtime >=14.44.35208
  license: MIT
  license_family: MIT
  purls: []
  size: 44866
  timestamp: 1760295760649
- conda: https://conda.anaconda.org/conda-forge/win-64/liblzma-5.8.1-h2466b09_2.conda
  sha256: 55764956eb9179b98de7cc0e55696f2eff8f7b83fc3ebff5e696ca358bca28cc
  md5: c15148b2e18da456f5108ccb5e411446
  depends:
  - ucrt >=10.0.20348.0
  - vc >=14.2,<15
  - vc14_runtime >=14.29.30139
  constrains:
  - xz 5.8.1.*
  license: 0BSD
  purls: []
  size: 104935
  timestamp: 1749230611612
- conda: https://conda.anaconda.org/conda-forge/win-64/libmpdec-4.0.0-h2466b09_0.conda
  sha256: fc529fc82c7caf51202cc5cec5bb1c2e8d90edbac6d0a4602c966366efe3c7bf
  md5: 74860100b2029e2523cf480804c76b9b
  depends:
  - ucrt >=10.0.20348.0
  - vc >=14.2,<15
  - vc14_runtime >=14.29.30139
  license: BSD-2-Clause
  license_family: BSD
  purls: []
  size: 88657
  timestamp: 1723861474602
- conda: https://conda.anaconda.org/conda-forge/win-64/libsqlite-3.51.1-hf5d6505_0.conda
  sha256: a976c8b455d9023b83878609bd68c3b035b9839d592bd6c7be7552c523773b62
  md5: f92bef2f8e523bb0eabe60099683617a
  depends:
  - ucrt >=10.0.20348.0
  - vc >=14.3,<15
  - vc14_runtime >=14.44.35208
  license: blessing
  purls: []
  size: 1291059
  timestamp: 1764359545703
- conda: https://conda.anaconda.org/conda-forge/win-64/libzlib-1.3.1-h2466b09_2.conda
  sha256: ba945c6493449bed0e6e29883c4943817f7c79cbff52b83360f7b341277c6402
  md5: 41fbfac52c601159df6c01f875de31b9
  depends:
  - ucrt >=10.0.20348.0
  - vc >=14.2,<15
  - vc14_runtime >=14.29.30139
  constrains:
  - zlib 1.3.1 *_2
  license: Zlib
  license_family: Other
  purls: []
  size: 55476
  timestamp: 1727963768015
- pypi: https://files.pythonhosted.org/packages/d2/1d/1b658dbd2b9fa9c4c9f32accbfc0205d532c8c6194dc0f2a4c0428e7128a/nodeenv-1.9.1-py2.py3-none-any.whl
  name: nodeenv
  version: 1.9.1
  sha256: ba11c9782d29c27c70ffbdda2d7415098754709be8a7056d79a737cd901155c9
  requires_python: '>=2.7,!=3.0.*,!=3.1.*,!=3.2.*,!=3.3.*,!=3.4.*,!=3.5.*,!=3.6.*'
- pypi: https://files.pythonhosted.org/packages/a3/2e/235b4d96619931192c91660805e5e49242389742a7a82c27665021db690c/numpy-2.3.5-cp314-cp314-win_amd64.whl
  name: numpy
  version: 2.3.5
  sha256: e6a0bc88393d65807d751a614207b7129a310ca4fe76a74e5c7da5fa5671417e
  requires_python: '>=3.11'
- conda: https://conda.anaconda.org/conda-forge/win-64/openssl-3.6.0-h725018a_0.conda
  sha256: 6d72d6f766293d4f2aa60c28c244c8efed6946c430814175f959ffe8cab899b3
  md5: 84f8fb4afd1157f59098f618cd2437e4
  depends:
  - ca-certificates
  - ucrt >=10.0.20348.0
  - vc >=14.3,<15
  - vc14_runtime >=14.44.35208
  license: Apache-2.0
  license_family: Apache
  purls: []
  size: 9440812
  timestamp: 1762841722179
- pypi: https://files.pythonhosted.org/packages/20/12/38679034af332785aac8774540895e234f4d07f7545804097de4b666afd8/packaging-25.0-py3-none-any.whl
  name: packaging
  version: '25.0'
  sha256: 29572ef2b1f17581046b3a2227d5c611fb25ec70ca1ba8554b24b0e69331a484
  requires_python: '>=3.8'
- pypi: https://files.pythonhosted.org/packages/2b/24/b350c31543fb0107ab2599464d7e28e6f856027aadda995022e695313d94/pillow-12.0.0-cp314-cp314-win_amd64.whl
  name: pillow
  version: 12.0.0
  sha256: 8dc232e39d409036af549c86f24aed8273a40ffa459981146829a324e0848b4b
  requires_dist:
  - furo ; extra == 'docs'
  - olefile ; extra == 'docs'
  - sphinx>=8.2 ; extra == 'docs'
  - sphinx-autobuild ; extra == 'docs'
  - sphinx-copybutton ; extra == 'docs'
  - sphinx-inline-tabs ; extra == 'docs'
  - sphinxext-opengraph ; extra == 'docs'
  - olefile ; extra == 'fpx'
  - olefile ; extra == 'mic'
  - arro3-compute ; extra == 'test-arrow'
  - arro3-core ; extra == 'test-arrow'
  - nanoarrow ; extra == 'test-arrow'
  - pyarrow ; extra == 'test-arrow'
  - check-manifest ; extra == 'tests'
  - coverage>=7.4.2 ; extra == 'tests'
  - defusedxml ; extra == 'tests'
  - markdown2 ; extra == 'tests'
  - olefile ; extra == 'tests'
  - packaging ; extra == 'tests'
  - pyroma>=5 ; extra == 'tests'
  - pytest ; extra == 'tests'
  - pytest-cov ; extra == 'tests'
  - pytest-timeout ; extra == 'tests'
  - pytest-xdist ; extra == 'tests'
  - trove-classifiers>=2024.10.12 ; extra == 'tests'
  - defusedxml ; extra == 'xmp'
  requires_python: '>=3.10'
- pypi: https://files.pythonhosted.org/packages/cb/28/3bfe2fa5a7b9c46fe7e13c97bda14c895fb10fa2ebf1d0abb90e0cea7ee1/platformdirs-4.5.1-py3-none-any.whl
  name: platformdirs
  version: 4.5.1
  sha256: d03afa3963c806a9bed9d5125c8f4cb2fdaf74a55ab60e5d59b3fde758104d31
  requires_dist:
  - furo>=2025.9.25 ; extra == 'docs'
  - proselint>=0.14 ; extra == 'docs'
  - sphinx-autodoc-typehints>=3.2 ; extra == 'docs'
  - sphinx>=8.2.3 ; extra == 'docs'
  - appdirs==1.4.4 ; extra == 'test'
  - covdefaults>=2.3 ; extra == 'test'
  - pytest-cov>=7 ; extra == 'test'
  - pytest-mock>=3.15.1 ; extra == 'test'
  - pytest>=8.4.2 ; extra == 'test'
  - mypy>=1.18.2 ; extra == 'type'
  requires_python: '>=3.10'
- pypi: https://files.pythonhosted.org/packages/54/20/4d324d65cc6d9205fabedc306948156824eb9f0ee1633355a8f7ec5c66bf/pluggy-1.6.0-py3-none-any.whl
  name: pluggy
  version: 1.6.0
  sha256: e920276dd6813095e9377c0bc5566d94c932c33b27a3e3945d8389c374dd4746
  requires_dist:
  - pre-commit ; extra == 'dev'
  - tox ; extra == 'dev'
  - pytest ; extra == 'testing'
  - pytest-benchmark ; extra == 'testing'
  - coverage ; extra == 'testing'
  requires_python: '>=3.9'
- pypi: https://files.pythonhosted.org/packages/5d/c4/b2d28e9d2edf4f1713eb3c29307f1a63f3d67cf09bdda29715a36a68921a/pre_commit-4.5.0-py2.py3-none-any.whl
  name: pre-commit
  version: 4.5.0
  sha256: 25e2ce09595174d9c97860a95609f9f852c0614ba602de3561e267547f2335e1
  requires_dist:
  - cfgv>=2.0.0
  - identify>=1.0.0
  - nodeenv>=0.11.1
  - pyyaml>=5.1
  - virtualenv>=20.10.0
  requires_python: '>=3.10'
- pypi: https://files.pythonhosted.org/packages/87/9f/ec8491f6b3022489a4d36ce372214c10a34f90b425aa61ff2e0a8dc5b9d5/pre_commit_uv-4.2.0-py3-none-any.whl
  name: pre-commit-uv
  version: 4.2.0
  sha256: cc1b56641e6c62d90a4d8b4f0af6f2610f1c397ce81af024e768c0f33715cb81
  requires_dist:
  - pre-commit>=4.3
  - uv>=0.9.1
  - covdefaults>=2.3 ; extra == 'testing'
  - pytest-cov>=7 ; extra == 'testing'
  - pytest-mock>=3.15.1 ; extra == 'testing'
  - pytest>=8.4.2 ; extra == 'testing'
  requires_python: '>=3.10'
- pypi: https://files.pythonhosted.org/packages/c7/21/705964c7812476f378728bdf590ca4b771ec72385c533964653c68e86bdc/pygments-2.19.2-py3-none-any.whl
  name: pygments
  version: 2.19.2
  sha256: 86540386c03d588bb81d44bc3928634ff26449851e99741617ecb9037ee5ec0b
  requires_dist:
  - colorama>=0.4.6 ; extra == 'windows-terminal'
  requires_python: '>=3.8'
- pypi: https://files.pythonhosted.org/packages/26/41/3f48d724ecc8e42cea8a8442aa9b5a86d394b85093275990038fd1020039/pyside6-6.10.1-cp39-abi3-win_amd64.whl
  name: pyside6
  version: 6.10.1
  sha256: 9f89ff994f774420eaa38cec6422fddd5356611d8481774820befd6f3bb84c9e
  requires_dist:
  - shiboken6==6.10.1
  - pyside6-essentials==6.10.1
  - pyside6-addons==6.10.1
  requires_python: '>=3.9,<3.15'
- pypi: https://files.pythonhosted.org/packages/04/14/58239776499e6b279fa6ca2e0d47209531454b99f6bd2ad7c96f11109416/pyside6_addons-6.10.1-cp39-abi3-win_amd64.whl
  name: pyside6-addons
  version: 6.10.1
  sha256: b6e249d15407dd33d6a2ffabd9dc6d7a8ab8c95d05f16a71dad4d07781c76341
  requires_dist:
  - shiboken6==6.10.1
  - pyside6-essentials==6.10.1
  requires_python: '>=3.9,<3.15'
- pypi: https://files.pythonhosted.org/packages/1e/64/a8df6333de8ccbf3a320e1346ca30d0f314840aff5e3db9b4b66bf38e26c/pyside6_essentials-6.10.1-cp39-abi3-win_amd64.whl
  name: pyside6-essentials
  version: 6.10.1
  sha256: 9555a48e8f0acf63fc6a23c250808db841b28a66ed6ad89ee0e4df7628752674
  requires_dist:
  - shiboken6==6.10.1
  requires_python: '>=3.9,<3.15'
- pypi: https://files.pythonhosted.org/packages/0b/8b/6300fb80f858cda1c51ffa17075df5d846757081d11ab4aa35cef9e6258b/pytest-9.0.1-py3-none-any.whl
  name: pytest
  version: 9.0.1
  sha256: 67be0030d194df2dfa7b556f2e56fb3c3315bd5c8822c6951162b92b32ce7dad
  requires_dist:
  - colorama>=0.4 ; sys_platform == 'win32'
  - exceptiongroup>=1 ; python_full_version < '3.11'
  - iniconfig>=1.0.1
  - packaging>=22
  - pluggy>=1.5,<2
  - pygments>=2.7.2
  - tomli>=1 ; python_full_version < '3.11'
  - argcomplete ; extra == 'dev'
  - attrs>=19.2 ; extra == 'dev'
  - hypothesis>=3.56 ; extra == 'dev'
  - mock ; extra == 'dev'
  - requests ; extra == 'dev'
  - setuptools ; extra == 'dev'
  - xmlschema ; extra == 'dev'
  requires_python: '>=3.10'
- conda: https://conda.anaconda.org/conda-forge/win-64/python-3.14.1-h4b44e0e_100_cp314.conda
  build_number: 100
  sha256: 21feeb6ee92abd17bf73e063dbcfe0b00ccb5e67f291379dee7183294413a01f
  md5: 3d23736b5ad17ea24fcd4d6f23663f0d
  depends:
  - bzip2 >=1.0.8,<2.0a0
  - libexpat >=2.7.3,<3.0a0
  - libffi >=3.5.2,<3.6.0a0
  - liblzma >=5.8.1,<6.0a0
  - libmpdec >=4.0.0,<5.0a0
  - libsqlite >=3.51.1,<4.0a0
  - libzlib >=1.3.1,<2.0a0
  - openssl >=3.5.4,<4.0a0
  - python_abi 3.14.* *_cp314
  - tk >=8.6.13,<8.7.0a0
  - tzdata
  - ucrt >=10.0.20348.0
  - vc >=14.3,<15
  - vc14_runtime >=14.44.35208
  - zstd >=1.5.7,<1.6.0a0
  license: Python-2.0
  purls: []
  size: 16934169
  timestamp: 1764756783162
  python_site_packages_path: Lib/site-packages
- conda: https://conda.anaconda.org/conda-forge/noarch/python_abi-3.14-8_cp314.conda
  build_number: 8
  sha256: ad6d2e9ac39751cc0529dd1566a26751a0bf2542adb0c232533d32e176e21db5
  md5: 0539938c55b6b1a59b560e843ad864a4
  constrains:
  - python 3.14.* *_cp314
  license: BSD-3-Clause
  license_family: BSD
  purls: []
  size: 6989
  timestamp: 1752805904792
- pypi: https://files.pythonhosted.org/packages/23/20/bb6982b26a40bb43951265ba29d4c246ef0ff59c9fdcdf0ed04e0687de4d/pyyaml-6.0.3-cp314-cp314-win_amd64.whl
  name: pyyaml
  version: 6.0.3
  sha256: 4a2e8cebe2ff6ab7d1050ecd59c25d4c8bd7e6f400f5f82b96557ac0abafd0ac
  requires_python: '>=3.8'
- pypi: https://files.pythonhosted.org/packages/1e/db/4254e3eabe8020b458f1a747140d32277ec7a271daf1d235b70dc0b4e6e3/requests-2.32.5-py3-none-any.whl
  name: requests
  version: 2.32.5
  sha256: 2462f94637a34fd532264295e186976db0f5d453d1cdd31473c85a6a161affb6
  requires_dist:
  - charset-normalizer>=2,<4
  - idna>=2.5,<4
  - urllib3>=1.21.1,<3
  - certifi>=2017.4.17
  - pysocks>=1.5.6,!=1.5.7 ; extra == 'socks'
  - chardet>=3.0.2,<6 ; extra == 'use-chardet-on-py3'
  requires_python: '>=3.9'
- conda: https://conda.anaconda.org/conda-forge/win-64/ruff-0.14.8-h15e3a1f_0.conda
  noarch: python
  sha256: fbcaafffd55c7022464219b95658d38980ee04bb001d35c3d97e2e933d7c6bf7
  md5: 35ec53f16d22dc8b17e17865a98c2120
  depends:
  - python
  - vc >=14.3,<15
  - vc14_runtime >=14.44.35208
  - ucrt >=10.0.20348.0
  license: MIT
  purls:
  - pkg:pypi/ruff?source=hash-mapping
  size: 11874411
  timestamp: 1764866263950
- pypi: https://files.pythonhosted.org/packages/cf/a6/8c65ee0fa5e172ebcca03246b1bc3bd96cdaf1d60537316648536b7072a5/shiboken6-6.10.1-cp39-abi3-win_amd64.whl
  name: shiboken6
  version: 6.10.1
  sha256: c1601d3cda1fa32779b141663873741b54e797cb0328458d7466281f117b0a4e
  requires_python: '>=3.9,<3.15'
- conda: https://conda.anaconda.org/conda-forge/win-64/tk-8.6.13-h2c6b04d_3.conda
  sha256: 4581f4ffb432fefa1ac4f85c5682cc27014bcd66e7beaa0ee330e927a7858790
  md5: 7cb36e506a7dba4817970f8adb6396f9
  depends:
  - ucrt >=10.0.20348.0
  - vc >=14.2,<15
  - vc14_runtime >=14.29.30139
  license: TCL
  license_family: BSD
  purls: []
  size: 3472313
  timestamp: 1763055164278
- conda: https://conda.anaconda.org/conda-forge/noarch/tzdata-2025b-h78e105d_0.conda
  sha256: 5aaa366385d716557e365f0a4e9c3fca43ba196872abbbe3d56bb610d131e192
  md5: 4222072737ccff51314b5ece9c7d6f5a
  license: LicenseRef-Public-Domain
  purls: []
  size: 122968
  timestamp: 1742727099393
- conda: https://conda.anaconda.org/conda-forge/win-64/ucrt-10.0.26100.0-h57928b3_0.conda
  sha256: 3005729dce6f3d3f5ec91dfc49fc75a0095f9cd23bab49efb899657297ac91a5
  md5: 71b24316859acd00bdb8b38f5e2ce328
  constrains:
  - vc14_runtime >=14.29.30037
  - vs2015_runtime >=14.29.30037
  license: LicenseRef-MicrosoftWindowsSDK10
  purls: []
  size: 694692
  timestamp: 1756385147981
- pypi: https://files.pythonhosted.org/packages/56/1a/9ffe814d317c5224166b23e7c47f606d6e473712a2fad0f704ea9b99f246/urllib3-2.6.0-py3-none-any.whl
  name: urllib3
  version: 2.6.0
  sha256: c90f7a39f716c572c4e3e58509581ebd83f9b59cced005b7db7ad2d22b0db99f
  requires_dist:
  - brotli>=1.2.0 ; platform_python_implementation == 'CPython' and extra == 'brotli'
  - brotlicffi>=1.2.0.0 ; platform_python_implementation != 'CPython' and extra == 'brotli'
  - h2>=4,<5 ; extra == 'h2'
  - pysocks>=1.5.6,!=1.5.7,<2.0 ; extra == 'socks'
  - backports-zstd>=1.0.0 ; python_full_version < '3.14' and extra == 'zstd'
  requires_python: '>=3.9'
- pypi: https://files.pythonhosted.org/packages/bc/37/e15a46f880b2c230f7d6934f046825ebe547f90008984c861e84e2ef34c4/uv-0.9.15-py3-none-win_amd64.whl
  name: uv
  version: 0.9.15
  sha256: e46f36c80353fb406d4c0fb2cfe1953b4a01bfb3fc5b88dd4f763641b8899f1a
  requires_python: '>=3.8'
- conda: https://conda.anaconda.org/conda-forge/win-64/vc-14.3-h2b53caa_32.conda
  sha256: 82250af59af9ff3c6a635dd4c4764c631d854feb334d6747d356d949af44d7cf
  md5: ef02bbe151253a72b8eda264a935db66
  depends:
  - vc14_runtime >=14.42.34433
  track_features:
  - vc14
  license: BSD-3-Clause
  license_family: BSD
  purls: []
  size: 18861
  timestamp: 1760418772353
- conda: https://conda.anaconda.org/conda-forge/win-64/vc14_runtime-14.44.35208-h818238b_32.conda
  sha256: e3a3656b70d1202e0d042811ceb743bd0d9f7e00e2acdf824d231b044ef6c0fd
  md5: 378d5dcec45eaea8d303da6f00447ac0
  depends:
  - ucrt >=10.0.20348.0
  - vcomp14 14.44.35208 h818238b_32
  constrains:
  - vs2015_runtime 14.44.35208.* *_32
  license: LicenseRef-MicrosoftVisualCpp2015-2022Runtime
  license_family: Proprietary
  purls: []
  size: 682706
  timestamp: 1760418629729
- conda: https://conda.anaconda.org/conda-forge/win-64/vcomp14-14.44.35208-h818238b_32.conda
  sha256: f3790c88fbbdc55874f41de81a4237b1b91eab75e05d0e58661518ff04d2a8a1
  md5: 58f67b437acbf2764317ba273d731f1d
  depends:
  - ucrt >=10.0.20348.0
  constrains:
  - vs2015_runtime 14.44.35208.* *_32
  license: LicenseRef-MicrosoftVisualCpp2015-2022Runtime
  license_family: Proprietary
  purls: []
  size: 114846
  timestamp: 1760418593847
- pypi: https://files.pythonhosted.org/packages/79/0c/c05523fa3181fdf0c9c52a6ba91a23fbf3246cc095f26f6516f9c60e6771/virtualenv-20.35.4-py3-none-any.whl
  name: virtualenv
  version: 20.35.4
  sha256: c21c9cede36c9753eeade68ba7d523529f228a403463376cf821eaae2b650f1b
  requires_dist:
  - distlib>=0.3.7,<1
  - filelock>=3.12.2,<4
  - importlib-metadata>=6.6 ; python_full_version < '3.8'
  - platformdirs>=3.9.1,<5
  - typing-extensions>=4.13.2 ; python_full_version < '3.11'
  - furo>=2023.7.26 ; extra == 'docs'
  - proselint>=0.13 ; extra == 'docs'
  - sphinx>=7.1.2,!=7.3 ; extra == 'docs'
  - sphinx-argparse>=0.4 ; extra == 'docs'
  - sphinxcontrib-towncrier>=0.2.1a0 ; extra == 'docs'
  - towncrier>=23.6 ; extra == 'docs'
  - covdefaults>=2.3 ; extra == 'test'
  - coverage-enable-subprocess>=1 ; extra == 'test'
  - coverage>=7.2.7 ; extra == 'test'
  - flaky>=3.7 ; extra == 'test'
  - packaging>=23.1 ; extra == 'test'
  - pytest-env>=0.8.2 ; extra == 'test'
  - pytest-freezer>=0.4.8 ; (python_full_version >= '3.13' and platform_python_implementation == 'CPython' and sys_platform == 'win32' and extra == 'test') or (platform_python_implementation == 'GraalVM' and extra == 'test') or (platform_python_implementation == 'PyPy' and extra == 'test')
  - pytest-mock>=3.11.1 ; extra == 'test'
  - pytest-randomly>=3.12 ; extra == 'test'
  - pytest-timeout>=2.1 ; extra == 'test'
  - pytest>=7.4 ; extra == 'test'
  - setuptools>=68 ; extra == 'test'
  - time-machine>=2.10 ; platform_python_implementation == 'CPython' and extra == 'test'
  requires_python: '>=3.8'
- conda: https://conda.anaconda.org/conda-forge/win-64/zstd-1.5.7-h534d264_6.conda
  sha256: 368d8628424966fd8f9c8018326a9c779e06913dd39e646cf331226acc90e5b2
  md5: 053b84beec00b71ea8ff7a4f84b55207
  depends:
  - vc >=14.3,<15
  - vc14_runtime >=14.44.35208
  - ucrt >=10.0.20348.0
  - libzlib >=1.3.1,<2.0a0
  license: BSD-3-Clause
  purls: []
  size: 388453
  timestamp: 1764777142545
